
Microsoft Visual Studio Solution File, Format Version 12.00
# Visual Studio Version 16
VisualStudioVersion = 16.0.31129.286
MinimumVisualStudioVersion = 10.0.40219.1
Project("{FAE04EC0-301F-11D3-BF4B-00C04F79EFBC}") = "ListTask", "ListTask\ListTask.csproj", "{3E455B7B-90DE-46BB-9D17-3651DE2ED854}"
EndProject
Global
	GlobalSection(SolutionConfigurationPlatforms) = preSolution
		Debug|Any CPU = Debug|Any CPU
		Release|Any CPU = Release|Any CPU
	EndGlobalSection
	GlobalSection(ProjectConfigurationPlatforms) = postSolution
		{3E455B7B-90DE-46BB-9D17-3651DE2ED854}.Debug|Any CPU.ActiveCfg = Debug|Any CPU
		{3E455B7B-90DE-46BB-9D17-3651DE2ED854}.Debug|Any CPU.Build.0 = Debug|Any CPU
		{3E455B7B-90DE-46BB-9D17-3651DE2ED854}.Release|Any CPU.ActiveCfg = Release|Any CPU
		{3E455B7B-90DE-46BB-9D17-3651DE2ED854}.Release|Any CPU.Build.0 = Release|Any CPU
	EndGlobalSection
	GlobalSection(SolutionProperties) = preSolution
		HideSolutionNode = FALSE
	EndGlobalSection
	GlobalSection(ExtensibilityGlobals) = postSolution
		SolutionGuid = {4AF205EC-57D2-45E8-8922-3593FA9D6FD9}
	EndGlobalSection
EndGlobal
